// !$*UTF8*$!
{
	archiveVersion = 1;
	classes = {
	};
	objectVersion = 50;
	objects = {

/* Begin PBXBuildFile section */
		F1029506232F58610085A335 /* NothingCell.xib in Resources */ = {isa = PBXBuildFile; fileRef = F1029505232F58610085A335 /* NothingCell.xib */; };
		F104CFE9232FECAA003A2CF2 /* LoadingCell.xib in Resources */ = {isa = PBXBuildFile; fileRef = F104CFE8232FECAA003A2CF2 /* LoadingCell.xib */; };
		F18C76A1232F273500B01A9E /* SearchResult.swift in Sources */ = {isa = PBXBuildFile; fileRef = F18C76A0232F273500B01A9E /* SearchResult.swift */; };
		F18C76A3232F495000B01A9E /* SearchResultCell.xib in Resources */ = {isa = PBXBuildFile; fileRef = F18C76A2232F495000B01A9E /* SearchResultCell.xib */; };
		F18C76A5232F4DAE00B01A9E /* SearchResultCell.swift in Sources */ = {isa = PBXBuildFile; fileRef = F18C76A4232F4DAE00B01A9E /* SearchResultCell.swift */; };
		F1C2754C232EFC51005F7387 /* AppDelegate.swift in Sources */ = {isa = PBXBuildFile; fileRef = F1C2754B232EFC51005F7387 /* AppDelegate.swift */; };
		F1C2754E232EFC51005F7387 /* SearchVC.swift in Sources */ = {isa = PBXBuildFile; fileRef = F1C2754D232EFC51005F7387 /* SearchVC.swift */; };
		F1C27551232EFC51005F7387 /* Main.storyboard in Resources */ = {isa = PBXBuildFile; fileRef = F1C2754F232EFC51005F7387 /* Main.storyboard */; };
		F1C27553232EFC52005F7387 /* Assets.xcassets in Resources */ = {isa = PBXBuildFile; fileRef = F1C27552232EFC52005F7387 /* Assets.xcassets */; };
		F1C27556232EFC52005F7387 /* Launch.storyboard in Resources */ = {isa = PBXBuildFile; fileRef = F1C27554232EFC52005F7387 /* Launch.storyboard */; };
/* End PBXBuildFile section */

/* Begin PBXFileReference section */
		F1029505232F58610085A335 /* NothingCell.xib */ = {isa = PBXFileReference; lastKnownFileType = file.xib; path = NothingCell.xib; sourceTree = "<group>"; };
		F104CFE8232FECAA003A2CF2 /* LoadingCell.xib */ = {isa = PBXFileReference; lastKnownFileType = file.xib; path = LoadingCell.xib; sourceTree = "<group>"; };
		F18C76A0232F273500B01A9E /* SearchResult.swift */ = {isa = PBXFileReference; lastKnownFileType = sourcecode.swift; path = SearchResult.swift; sourceTree = "<group>"; };
		F18C76A2232F495000B01A9E /* SearchResultCell.xib */ = {isa = PBXFileReference; lastKnownFileType = file.xib; path = SearchResultCell.xib; sourceTree = "<group>"; };
		F18C76A4232F4DAE00B01A9E /* SearchResultCell.swift */ = {isa = PBXFileReference; lastKnownFileType = sourcecode.swift; path = SearchResultCell.swift; sourceTree = "<group>"; };
		F1C27548232EFC51005F7387 /* Store Search.app */ = {isa = PBXFileReference; explicitFileType = wrapper.application; includeInIndex = 0; path = "Store Search.app"; sourceTree = BUILT_PRODUCTS_DIR; };
		F1C2754B232EFC51005F7387 /* AppDelegate.swift */ = {isa = PBXFileReference; lastKnownFileType = sourcecode.swift; path = AppDelegate.swift; sourceTree = "<group>"; };
		F1C2754D232EFC51005F7387 /* SearchVC.swift */ = {isa = PBXFileReference; lastKnownFileType = sourcecode.swift; path = SearchVC.swift; sourceTree = "<group>"; };
		F1C27550232EFC51005F7387 /* Base */ = {isa = PBXFileReference; lastKnownFileType = file.storyboard; name = Base; path = Base.lproj/Main.storyboard; sourceTree = "<group>"; };
		F1C27552232EFC52005F7387 /* Assets.xcassets */ = {isa = PBXFileReference; lastKnownFileType = folder.assetcatalog; path = Assets.xcassets; sourceTree = "<group>"; };
		F1C27555232EFC52005F7387 /* Base */ = {isa = PBXFileReference; lastKnownFileType = file.storyboard; name = Base; path = Base.lproj/Launch.storyboard; sourceTree = "<group>"; };
		F1C27557232EFC52005F7387 /* Info.plist */ = {isa = PBXFileReference; lastKnownFileType = text.plist.xml; path = Info.plist; sourceTree = "<group>"; };
/* End PBXFileReference section */

/* Begin PBXFrameworksBuildPhase section */
		F1C27545232EFC51005F7387 /* Frameworks */ = {
			isa = PBXFrameworksBuildPhase;
			buildActionMask = 2147483647;
			files = (
			);
			runOnlyForDeploymentPostprocessing = 0;
		};
/* End PBXFrameworksBuildPhase section */

/* Begin PBXGroup section */
		F1C2753F232EFC51005F7387 = {
			isa = PBXGroup;
			children = (
				F1C2754A232EFC51005F7387 /* Store Search */,
				F1C27549232EFC51005F7387 /* Products */,
			);
			sourceTree = "<group>";
		};
		F1C27549232EFC51005F7387 /* Products */ = {
			isa = PBXGroup;
			children = (
				F1C27548232EFC51005F7387 /* Store Search.app */,
			);
			name = Products;
			sourceTree = "<group>";
		};
		F1C2754A232EFC51005F7387 /* Store Search */ = {
			isa = PBXGroup;
			children = (
				F1C2754B232EFC51005F7387 /* AppDelegate.swift */,
				F1C2754D232EFC51005F7387 /* SearchVC.swift */,
				F18C76A4232F4DAE00B01A9E /* SearchResultCell.swift */,
				F18C76A2232F495000B01A9E /* SearchResultCell.xib */,
				F1029505232F58610085A335 /* NothingCell.xib */,
				F104CFE8232FECAA003A2CF2 /* LoadingCell.xib */,
				F18C76A0232F273500B01A9E /* SearchResult.swift */,
				F1C2754F232EFC51005F7387 /* Main.storyboard */,
				F1C27554232EFC52005F7387 /* Launch.storyboard */,
				F1C27552232EFC52005F7387 /* Assets.xcassets */,
				F1C27557232EFC52005F7387 /* Info.plist */,
			);
			path = "Store Search";
			sourceTree = "<group>";
		};
/* End PBXGroup section */

/* Begin PBXNativeTarget section */
		F1C27547232EFC51005F7387 /* Store Search */ = {
			isa = PBXNativeTarget;
			buildConfigurationList = F1C2755A232EFC52005F7387 /* Build configuration list for PBXNativeTarget "Store Search" */;
			buildPhases = (
				F1C27544232EFC51005F7387 /* Sources */,
				F1C27545232EFC51005F7387 /* Frameworks */,
				F1C27546232EFC51005F7387 /* Resources */,
			);
			buildRules = (
			);
			dependencies = (
			);
			name = "Store Search";
			productName = "Store Search";
			productReference = F1C27548232EFC51005F7387 /* Store Search.app */;
			productType = "com.apple.product-type.application";
		};
/* End PBXNativeTarget section */

/* Begin PBXProject section */
		F1C27540232EFC51005F7387 /* Project object */ = {
			isa = PBXProject;
			attributes = {
				LastSwiftUpdateCheck = 1020;
				LastUpgradeCheck = 1020;
				ORGANIZATIONNAME = haanh;
				TargetAttributes = {
					F1C27547232EFC51005F7387 = {
						CreatedOnToolsVersion = 10.2.1;
					};
				};
			};
			buildConfigurationList = F1C27543232EFC51005F7387 /* Build configuration list for PBXProject "Store Search" */;
			compatibilityVersion = "Xcode 9.3";
			developmentRegion = en;
			hasScannedForEncodings = 0;
			knownRegions = (
				en,
				Base,
			);
			mainGroup = F1C2753F232EFC51005F7387;
			productRefGroup = F1C27549232EFC51005F7387 /* Products */;
			projectDirPath = "";
			projectRoot = "";
			targets = (
				F1C27547232EFC51005F7387 /* Store Search */,
			);
		};
/* End PBXProject section */

/* Begin PBXResourcesBuildPhase section */
		F1C27546232EFC51005F7387 /* Resources */ = {
			isa = PBXResourcesBuildPhase;
			buildActionMask = 2147483647;
			files = (
				F1C27556232EFC52005F7387 /* Launch.storyboard in Resources */,
				F1C27553232EFC52005F7387 /* Assets.xcassets in Resources */,
				F104CFE9232FECAA003A2CF2 /* LoadingCell.xib in Resources */,
				F1029506232F58610085A335 /* NothingCell.xib in Resources */,
				F18C76A3232F495000B01A9E /* SearchResultCell.xib in Resources */,
				F1C27551232EFC51005F7387 /* Main.storyboard in Resources */,
			);
			runOnlyForDeploymentPostprocessing = 0;
		};
/* End PBXResourcesBuildPhase section */

/* Begin PBXSourcesBuildPhase section */
		F1C27544232EFC51005F7387 /* Sources */ = {
			isa = PBXSourcesBuildPhase;
			buildActionMask = 2147483647;
			files = (
				F1C2754E232EFC51005F7387 /* SearchVC.swift in Sources */,
				F18C76A1232F273500B01A9E /* SearchResult.swift in Sources */,
				F18C76A5232F4DAE00B01A9E /* SearchResultCell.swift in Sources */,
				F1C2754C232EFC51005F7387 /* AppDelegate.swift in Sources */,
			);
			runOnlyForDeploymentPostprocessing = 0;
		};
/* End PBXSourcesBuildPhase section */

/* Begin PBXVariantGroup section */
		F1C2754F232EFC51005F7387 /* Main.storyboard */ = {
			isa = PBXVariantGroup;
			children = (
				F1C27550232EFC51005F7387 /* Base */,
			);
			name = Main.storyboard;
			sourceTree = "<group>";
		};
		F1C27554232EFC52005F7387 /* Launch.storyboard */ = {
			isa = PBXVariantGroup;
			children = (
				F1C27555232EFC52005F7387 /* Base */,
			);
			name = Launch.storyboard;
			sourceTree = "<group>";
		};
/* End PBXVariantGroup section */

/* Begin XCBuildConfiguration section */
		F1C27558232EFC52005F7387 /* Debug */ = {
			isa = XCBuildConfiguration;
			buildSettings = {
				ALWAYS_SEARCH_USER_PATHS = NO;
				CLANG_ANALYZER_NONNULL = YES;
				CLANG_ANALYZER_NUMBER_OBJECT_CONVERSION = YES_AGGRESSIVE;
				CLANG_CXX_LANGUAGE_STANDARD = "gnu++14";
				CLANG_CXX_LIBRARY = "libc++";
				CLANG_ENABLE_MODULES = YES;
				CLANG_ENABLE_OBJC_ARC = YES;
				CLANG_ENABLE_OBJC_WEAK = YES;
				CLANG_WARN_BLOCK_CAPTURE_AUTORELEASING = YES;
				CLANG_WARN_BOOL_CONVERSION = YES;
				CLANG_WARN_COMMA = YES;
				CLANG_WARN_CONSTANT_CONVERSION = YES;
				CLANG_WARN_DEPRECATED_OBJC_IMPLEMENTATIONS = YES;
				CLANG_WARN_DIRECT_OBJC_ISA_USAGE = YES_ERROR;
				CLANG_WARN_DOCUMENTATION_COMMENTS = YES;
				CLANG_WARN_EMPTY_BODY = YES;
				CLANG_WARN_ENUM_CONVERSION = YES;
				CLANG_WARN_INFINITE_RECURSION = YES;
				CLANG_WARN_INT_CONVERSION = YES;
				CLANG_WARN_NON_LITERAL_NULL_CONVERSION = YES;
				CLANG_WARN_OBJC_IMPLICIT_RETAIN_SELF = YES;
				CLANG_WARN_OBJC_LITERAL_CONVERSION = YES;
				CLANG_WARN_OBJC_ROOT_CLASS = YES_ERROR;
				CLANG_WARN_RANGE_LOOP_ANALYSIS = YES;
				CLANG_WARN_STRICT_PROTOTYPES = YES;
				CLANG_WARN_SUSPICIOUS_MOVE = YES;
				CLANG_WARN_UNGUARDED_AVAILABILITY = YES_AGGRESSIVE;
				CLANG_WARN_UNREACHABLE_CODE = YES;
				CLANG_WARN__DUPLICATE_METHOD_MATCH = YES;
				CODE_SIGN_IDENTITY = "iPhone Developer";
				COPY_PHASE_STRIP = NO;
				DEBUG_INFORMATION_FORMAT = dwarf;
				ENABLE_STRICT_OBJC_MSGSEND = YES;
				ENABLE_TESTABILITY = YES;
				GCC_C_LANGUAGE_STANDARD = gnu11;
				GCC_DYNAMIC_NO_PIC = NO;
				GCC_NO_COMMON_BLOCKS = YES;
				GCC_OPTIMIZATION_LEVEL = 0;
				GCC_PREPROCESSOR_DEFINITIONS = (
					"DEBUG=1",
					"$(inherited)",
				);
				GCC_WARN_64_TO_32_BIT_CONVERSION = YES;
				GCC_WARN_ABOUT_RETURN_TYPE = YES_ERROR;
				GCC_WARN_UNDECLARED_SELECTOR = YES;
				GCC_WARN_UNINITIALIZED_AUTOS = YES_AGGRESSIVE;
				GCC_WARN_UNUSED_FUNCTION = YES;
				GCC_WARN_UNUSED_VARIABLE = YES;
				IPHONEOS_DEPLOYMENT_TARGET = 12.2;
				MTL_ENABLE_DEBUG_INFO = INCLUDE_SOURCE;
				MTL_FAST_MATH = YES;
				ONLY_ACTIVE_ARCH = YES;
				SDKROOT = iphoneos;
				SWIFT_ACTIVE_COMPILATION_CONDITIONS = DEBUG;
				SWIFT_OPTIMIZATION_LEVEL = "-Onone";
			};
			name = Debug;
		};
		F1C27559232EFC52005F7387 /* Release */ = {
			isa = XCBuildConfiguration;
			buildSettings = {
				ALWAYS_SEARCH_USER_PATHS = NO;
				CLANG_ANALYZER_NONNULL = YES;
				CLANG_ANALYZER_NUMBER_OBJECT_CONVERSION = YES_AGGRESSIVE;
				CLANG_CXX_LANGUAGE_STANDARD = "gnu++14";
				CLANG_CXX_LIBRARY = "libc++";
				CLANG_ENABLE_MODULES = YES;
				CLANG_ENABLE_OBJC_ARC = YES;
				CLANG_ENABLE_OBJC_WEAK = YES;
				CLANG_WARN_BLOCK_CAPTURE_AUTORELEASING = YES;
				CLANG_WARN_BOOL_CONVERSION = YES;
				CLANG_WARN_COMMA = YES;
				CLANG_WARN_CONSTANT_CONVERSION = YES;
				CLANG_WARN_DEPRECATED_OBJC_IMPLEMENTATIONS = YES;
				CLANG_WARN_DIRECT_OBJC_ISA_USAGE = YES_ERROR;
				CLANG_WARN_DOCUMENTATION_COMMENTS = YES;
				CLANG_WARN_EMPTY_BODY = YES;
				CLANG_WARN_ENUM_CONVERSION = YES;
				CLANG_WARN_INFINITE_RECURSION = YES;
				CLANG_WARN_INT_CONVERSION = YES;
				CLANG_WARN_NON_LITERAL_NULL_CONVERSION = YES;
				CLANG_WARN_OBJC_IMPLICIT_RETAIN_SELF = YES;
				CLANG_WARN_OBJC_LITERAL_CONVERSION = YES;
				CLANG_WARN_OBJC_ROOT_CLASS = YES_ERROR;
				CLANG_WARN_RANGE_LOOP_ANALYSIS = YES;
				CLANG_WARN_STRICT_PROTOTYPES = YES;
				CLANG_WARN_SUSPICIOUS_MOVE = YES;
				CLANG_WARN_UNGUARDED_AVAILABILITY = YES_AGGRESSIVE;
				CLANG_WARN_UNREACHABLE_CODE = YES;
				CLANG_WARN__DUPLICATE_METHOD_MATCH = YES;
				CODE_SIGN_IDENTITY = "iPhone Developer";
				COPY_PHASE_STRIP = NO;
				DEBUG_INFORMATION_FORMAT = "dwarf-with-dsym";
				ENABLE_NS_ASSERTIONS = NO;
				ENABLE_STRICT_OBJC_MSGSEND = YES;
				GCC_C_LANGUAGE_STANDARD = gnu11;
				GCC_NO_COMMON_BLOCKS = YES;
				GCC_WARN_64_TO_32_BIT_CONVERSION = YES;
				GCC_WARN_ABOUT_RETURN_TYPE = YES_ERROR;
				GCC_WARN_UNDECLARED_SELECTOR = YES;
				GCC_WARN_UNINITIALIZED_AUTOS = YES_AGGRESSIVE;
				GCC_WARN_UNUSED_FUNCTION = YES;
				GCC_WARN_UNUSED_VARIABLE = YES;
				IPHONEOS_DEPLOYMENT_TARGET = 12.2;
				MTL_ENABLE_DEBUG_INFO = NO;
				MTL_FAST_MATH = YES;
				SDKROOT = iphoneos;
				SWIFT_COMPILATION_MODE = wholemodule;
				SWIFT_OPTIMIZATION_LEVEL = "-O";
				VALIDATE_PRODUCT = YES;
			};
			name = Release;
		};
		F1C2755B232EFC52005F7387 /* Debug */ = {
			isa = XCBuildConfiguration;
			buildSettings = {
				ASSETCATALOG_COMPILER_APPICON_NAME = AppIcon;
				CODE_SIGN_STYLE = Automatic;
				INFOPLIST_FILE = "Store Search/Info.plist";
				IPHONEOS_DEPLOYMENT_TARGET = 12.1;
				LD_RUNPATH_SEARCH_PATHS = (
					"$(inherited)",
					"@executable_path/Frameworks",
				);
				PRODUCT_BUNDLE_IDENTIFIER = "com.haanhgs.Store-Search";
				PRODUCT_NAME = "$(TARGET_NAME)";
				SWIFT_VERSION = 5.0;
				TARGETED_DEVICE_FAMILY = 1;
			};
			name = Debug;
		};
		F1C2755C232EFC52005F7387 /* Release */ = {
			isa = XCBuildConfiguration;
			buildSettings = {
				ASSETCATALOG_COMPILER_APPICON_NAME = AppIcon;
				CODE_SIGN_STYLE = Automatic;
				INFOPLIST_FILE = "Store Search/Info.plist";
				IPHONEOS_DEPLOYMENT_TARGET = 12.1;
				LD_RUNPATH_SEARCH_PATHS = (
					"$(inherited)",
					"@executable_path/Frameworks",
				);
				PRODUCT_BUNDLE_IDENTIFIER = "com.haanhgs.Store-Search";
				PRODUCT_NAME = "$(TARGET_NAME)";
				SWIFT_VERSION = 5.0;
				TARGETED_DEVICE_FAMILY = 1;
			};
			name = Release;
		};
/* End XCBuildConfiguration section */

/* Begin XCConfigurationList section */
		F1C27543232EFC51005F7387 /* Build configuration list for PBXProject "Store Search" */ = {
			isa = XCConfigurationList;
			buildConfigurations = (
				F1C27558232EFC52005F7387 /* Debug */,
				F1C27559232EFC52005F7387 /* Release */,
			);
			defaultConfigurationIsVisible = 0;
			defaultConfigurationName = Release;
		};
		F1C2755A232EFC52005F7387 /* Build configuration list for PBXNativeTarget "Store Search" */ = {
			isa = XCConfigurationList;
			buildConfigurations = (
				F1C2755B232EFC52005F7387 /* Debug */,
				F1C2755C232EFC52005F7387 /* Release */,
			);
			defaultConfigurationIsVisible = 0;
			defaultConfigurationName = Release;
		};
/* End XCConfigurationList section */
	};
	rootObject = F1C27540232EFC51005F7387 /* Project object */;
}
